
Microsoft Visual Studio Solution File, Format Version 12.00
# Visual Studio 2012
Project("{FAE04EC0-301F-11D3-BF4B-00C04F79EFBC}") = "EthansList.iOS", "ethanslist.ios\EthansList.iOS.csproj", "{2DCD9433-2BB0-4254-8379-DCCCF27CB9DE}"
EndProject
Project("{FAE04EC0-301F-11D3-BF4B-00C04F79EFBC}") = "ethanslist.UITests", "ethanslist.UITests\ethanslist.UITests.csproj", "{6D0E1DC5-29BA-40BE-8255-EFF22FAA3D19}"
EndProject
Project("{D954291E-2A0B-460D-934E-DC6B0785DB48}") = "EthansList.Shared", "EthanList.SharedProject\EthansList.Shared.shproj", "{651A0769-36D6-4543-8235-9AEF8ABB1384}"
EndProject
Project("{FAE04EC0-301F-11D3-BF4B-00C04F79EFBC}") = "EthansList.MaterialDroid", "NavigationDrawerTest\EthansList.MaterialDroid.csproj", "{01A99E85-0FD2-41A8-90C6-B0A8CA1BD5D6}"
EndProject
Global
	GlobalSection(SolutionConfigurationPlatforms) = preSolution
		Debug|Any CPU = Debug|Any CPU
		Release|Any CPU = Release|Any CPU
		Debug|iPhoneSimulator = Debug|iPhoneSimulator
		Release|iPhone = Release|iPhone
		Release|iPhoneSimulator = Release|iPhoneSimulator
		Debug|iPhone = Debug|iPhone
	EndGlobalSection
	GlobalSection(ProjectConfigurationPlatforms) = postSolution
		{2DCD9433-2BB0-4254-8379-DCCCF27CB9DE}.Debug|Any CPU.ActiveCfg = Debug|iPhoneSimulator
		{2DCD9433-2BB0-4254-8379-DCCCF27CB9DE}.Debug|Any CPU.Build.0 = Debug|iPhoneSimulator
		{2DCD9433-2BB0-4254-8379-DCCCF27CB9DE}.Debug|iPhone.ActiveCfg = Debug|iPhone
		{2DCD9433-2BB0-4254-8379-DCCCF27CB9DE}.Debug|iPhone.Build.0 = Debug|iPhone
		{2DCD9433-2BB0-4254-8379-DCCCF27CB9DE}.Debug|iPhoneSimulator.ActiveCfg = Debug|iPhoneSimulator
		{2DCD9433-2BB0-4254-8379-DCCCF27CB9DE}.Debug|iPhoneSimulator.Build.0 = Debug|iPhoneSimulator
		{2DCD9433-2BB0-4254-8379-DCCCF27CB9DE}.Release|Any CPU.ActiveCfg = Release|iPhone
		{2DCD9433-2BB0-4254-8379-DCCCF27CB9DE}.Release|Any CPU.Build.0 = Release|iPhone
		{2DCD9433-2BB0-4254-8379-DCCCF27CB9DE}.Release|iPhone.ActiveCfg = Release|iPhone
		{2DCD9433-2BB0-4254-8379-DCCCF27CB9DE}.Release|iPhone.Build.0 = Release|iPhone
		{2DCD9433-2BB0-4254-8379-DCCCF27CB9DE}.Release|iPhoneSimulator.ActiveCfg = Release|iPhoneSimulator
		{2DCD9433-2BB0-4254-8379-DCCCF27CB9DE}.Release|iPhoneSimulator.Build.0 = Release|iPhoneSimulator
		{6D0E1DC5-29BA-40BE-8255-EFF22FAA3D19}.Debug|Any CPU.ActiveCfg = Debug|Any CPU
		{6D0E1DC5-29BA-40BE-8255-EFF22FAA3D19}.Debug|Any CPU.Build.0 = Debug|Any CPU
		{6D0E1DC5-29BA-40BE-8255-EFF22FAA3D19}.Debug|iPhone.ActiveCfg = Debug|Any CPU
		{6D0E1DC5-29BA-40BE-8255-EFF22FAA3D19}.Debug|iPhone.Build.0 = Debug|Any CPU
		{6D0E1DC5-29BA-40BE-8255-EFF22FAA3D19}.Debug|iPhoneSimulator.ActiveCfg = Debug|Any CPU
		{6D0E1DC5-29BA-40BE-8255-EFF22FAA3D19}.Debug|iPhoneSimulator.Build.0 = Debug|Any CPU
		{6D0E1DC5-29BA-40BE-8255-EFF22FAA3D19}.Release|Any CPU.ActiveCfg = Release|Any CPU
		{6D0E1DC5-29BA-40BE-8255-EFF22FAA3D19}.Release|Any CPU.Build.0 = Release|Any CPU
		{6D0E1DC5-29BA-40BE-8255-EFF22FAA3D19}.Release|iPhone.ActiveCfg = Release|Any CPU
		{6D0E1DC5-29BA-40BE-8255-EFF22FAA3D19}.Release|iPhone.Build.0 = Release|Any CPU
		{6D0E1DC5-29BA-40BE-8255-EFF22FAA3D19}.Release|iPhoneSimulator.ActiveCfg = Release|Any CPU
		{6D0E1DC5-29BA-40BE-8255-EFF22FAA3D19}.Release|iPhoneSimulator.Build.0 = Release|Any CPU
		{01A99E85-0FD2-41A8-90C6-B0A8CA1BD5D6}.Debug|Any CPU.ActiveCfg = Debug|Any CPU
		{01A99E85-0FD2-41A8-90C6-B0A8CA1BD5D6}.Debug|Any CPU.Build.0 = Debug|Any CPU
		{01A99E85-0FD2-41A8-90C6-B0A8CA1BD5D6}.Release|Any CPU.ActiveCfg = Release|Any CPU
		{01A99E85-0FD2-41A8-90C6-B0A8CA1BD5D6}.Release|Any CPU.Build.0 = Release|Any CPU
		{01A99E85-0FD2-41A8-90C6-B0A8CA1BD5D6}.Debug|iPhoneSimulator.ActiveCfg = Debug|Any CPU
		{01A99E85-0FD2-41A8-90C6-B0A8CA1BD5D6}.Debug|iPhoneSimulator.Build.0 = Debug|Any CPU
		{01A99E85-0FD2-41A8-90C6-B0A8CA1BD5D6}.Release|iPhone.ActiveCfg = Release|Any CPU
		{01A99E85-0FD2-41A8-90C6-B0A8CA1BD5D6}.Release|iPhone.Build.0 = Release|Any CPU
		{01A99E85-0FD2-41A8-90C6-B0A8CA1BD5D6}.Release|iPhoneSimulator.ActiveCfg = Release|Any CPU
		{01A99E85-0FD2-41A8-90C6-B0A8CA1BD5D6}.Release|iPhoneSimulator.Build.0 = Release|Any CPU
		{01A99E85-0FD2-41A8-90C6-B0A8CA1BD5D6}.Debug|iPhone.ActiveCfg = Debug|Any CPU
		{01A99E85-0FD2-41A8-90C6-B0A8CA1BD5D6}.Debug|iPhone.Build.0 = Debug|Any CPU
	EndGlobalSection
EndGlobal
